
Microsoft Visual Studio Solution File, Format Version 12.00
# Visual Studio Version 17
VisualStudioVersion = 17.12.35527.113 d17.12
MinimumVisualStudioVersion = 10.0.40219.1
Project("{FAE04EC0-301F-11D3-BF4B-00C04F79EFBC}") = "Lista 01", "..\Lista 01\Lista 01.csproj", "{4CA4EBAF-0BC9-4B1C-BCBC-1E48F601FB3B}"
EndProject
Project("{FAE04EC0-301F-11D3-BF4B-00C04F79EFBC}") = "Lista 02", "..\Lista 02\Lista 02.csproj", "{B805515C-1385-4667-9FDD-EDE8BDE8F879}"
EndProject
Project("{FAE04EC0-301F-11D3-BF4B-00C04F79EFBC}") = "Lista 03", "..\Lista 03\Lista 03.csproj", "{1244255E-F759-44B4-B36A-3F7F8B05902C}"
EndProject
Global
	GlobalSection(SolutionConfigurationPlatforms) = preSolution
		Debug|Any CPU = Debug|Any CPU
		Release|Any CPU = Release|Any CPU
	EndGlobalSection
	GlobalSection(ProjectConfigurationPlatforms) = postSolution
		{4CA4EBAF-0BC9-4B1C-BCBC-1E48F601FB3B}.Debug|Any CPU.ActiveCfg = Debug|Any CPU
		{4CA4EBAF-0BC9-4B1C-BCBC-1E48F601FB3B}.Debug|Any CPU.Build.0 = Debug|Any CPU
		{4CA4EBAF-0BC9-4B1C-BCBC-1E48F601FB3B}.Release|Any CPU.ActiveCfg = Release|Any CPU
		{4CA4EBAF-0BC9-4B1C-BCBC-1E48F601FB3B}.Release|Any CPU.Build.0 = Release|Any CPU
		{B805515C-1385-4667-9FDD-EDE8BDE8F879}.Debug|Any CPU.ActiveCfg = Debug|Any CPU
		{B805515C-1385-4667-9FDD-EDE8BDE8F879}.Debug|Any CPU.Build.0 = Debug|Any CPU
		{B805515C-1385-4667-9FDD-EDE8BDE8F879}.Release|Any CPU.ActiveCfg = Release|Any CPU
		{B805515C-1385-4667-9FDD-EDE8BDE8F879}.Release|Any CPU.Build.0 = Release|Any CPU
		{1244255E-F759-44B4-B36A-3F7F8B05902C}.Debug|Any CPU.ActiveCfg = Debug|Any CPU
		{1244255E-F759-44B4-B36A-3F7F8B05902C}.Debug|Any CPU.Build.0 = Debug|Any CPU
		{1244255E-F759-44B4-B36A-3F7F8B05902C}.Release|Any CPU.ActiveCfg = Release|Any CPU
		{1244255E-F759-44B4-B36A-3F7F8B05902C}.Release|Any CPU.Build.0 = Release|Any CPU
	EndGlobalSection
	GlobalSection(SolutionProperties) = preSolution
		HideSolutionNode = FALSE
	EndGlobalSection
EndGlobal
